
Microsoft Visual Studio Solution File, Format Version 12.00
# Visual Studio Version 16
VisualStudioVersion = 16.0.31025.218
MinimumVisualStudioVersion = 10.0.40219.1
Project("{FAE04EC0-301F-11D3-BF4B-00C04F79EFBC}") = "DSPSeedSearch", "DSPSeedSearch\DSPSeedSearch.csproj", "{D486B9C5-EF36-4313-BFE2-F4F9A5F39FD1}"
EndProject
Global
	GlobalSection(SolutionConfigurationPlatforms) = preSolution
		Debug|Any CPU = Debug|Any CPU
		Release|Any CPU = Release|Any CPU
	EndGlobalSection
	GlobalSection(ProjectConfigurationPlatforms) = postSolution
		{D486B9C5-EF36-4313-BFE2-F4F9A5F39FD1}.Debug|Any CPU.ActiveCfg = Debug|Any CPU
		{D486B9C5-EF36-4313-BFE2-F4F9A5F39FD1}.Debug|Any CPU.Build.0 = Debug|Any CPU
		{D486B9C5-EF36-4313-BFE2-F4F9A5F39FD1}.Release|Any CPU.ActiveCfg = Release|Any CPU
		{D486B9C5-EF36-4313-BFE2-F4F9A5F39FD1}.Release|Any CPU.Build.0 = Release|Any CPU
	EndGlobalSection
	GlobalSection(SolutionProperties) = preSolution
		HideSolutionNode = FALSE
	EndGlobalSection
	GlobalSection(ExtensibilityGlobals) = postSolution
		SolutionGuid = {8051F25B-3153-4731-82F0-EF444C005E5F}
	EndGlobalSection
EndGlobal
